{
  "originHash" : "adbd44522a415363394e794d055d8ca5136c047e0465829bb1b95dbe46d41907",
  "pins" : [
    {
      "identity" : "wwfileservice",
      "kind" : "remoteSourceControl",
      "location" : "https://github.com/William-Weng/WWFileService",
      "state" : {
        "revision" : "8bde27fb0696968b9220737ec9edd36a151e7812",
        "version" : "1.2.3"
      }
    }
  ],
  "version" : 3
}
