{
  "originHash" : "adbd44522a415363394e794d055d8ca5136c047e0465829bb1b95dbe46d41907",
  "pins" : [
    {
      "identity" : "wwfileservice",
      "kind" : "remoteSourceControl",
      "location" : "https://github.com/William-Weng/WWFileService",
      "state" : {
        "revision" : "875e7207ca9c4e9c131a6bcc36322bfa2a16fcf9",
        "version" : "1.2.2"
      }
    }
  ],
  "version" : 3
}
