{
  "originHash" : "adbd44522a415363394e794d055d8ca5136c047e0465829bb1b95dbe46d41907",
  "pins" : [
    {
      "identity" : "wwfileservice",
      "kind" : "remoteSourceControl",
      "location" : "https://github.com/William-Weng/WWFileService",
      "state" : {
        "revision" : "992a2476489f360e298bb7ebe86608eda604f334",
        "version" : "1.1.0"
      }
    }
  ],
  "version" : 3
}
